// !$*UTF8*$!
{
	archiveVersion = 1;
	classes = {
	};
	objectVersion = 50;
	objects = {

/* Begin PBXBuildFile section */
		EE295DBC278B520000658991 /* AppDelegate.swift in Sources */ = {isa = PBXBuildFile; fileRef = EE295DBB278B520000658991 /* AppDelegate.swift */; };
		EE295DBE278B520000658991 /* SceneDelegate.swift in Sources */ = {isa = PBXBuildFile; fileRef = EE295DBD278B520000658991 /* SceneDelegate.swift */; };
		EE295DC0278B520000658991 /* ViewController.swift in Sources */ = {isa = PBXBuildFile; fileRef = EE295DBF278B520000658991 /* ViewController.swift */; };
		EE295DC3278B520000658991 /* Main.storyboard in Resources */ = {isa = PBXBuildFile; fileRef = EE295DC1278B520000658991 /* Main.storyboard */; };
		EE295DC6278B520000658991 /* SampleConstraints.xcdatamodeld in Sources */ = {isa = PBXBuildFile; fileRef = EE295DC4278B520000658991 /* SampleConstraints.xcdatamodeld */; };
		EE295DC8278B520100658991 /* Assets.xcassets in Resources */ = {isa = PBXBuildFile; fileRef = EE295DC7278B520100658991 /* Assets.xcassets */; };
		EE295DCB278B520100658991 /* LaunchScreen.storyboard in Resources */ = {isa = PBXBuildFile; fileRef = EE295DC9278B520100658991 /* LaunchScreen.storyboard */; };
		EE295DD6278B520100658991 /* SampleConstraintsTests.swift in Sources */ = {isa = PBXBuildFile; fileRef = EE295DD5278B520100658991 /* SampleConstraintsTests.swift */; };
		EE295DE1278B520200658991 /* SampleConstraintsUITests.swift in Sources */ = {isa = PBXBuildFile; fileRef = EE295DE0278B520200658991 /* SampleConstraintsUITests.swift */; };
/* End PBXBuildFile section */

/* Begin PBXContainerItemProxy section */
		EE295DD2278B520100658991 /* PBXContainerItemProxy */ = {
			isa = PBXContainerItemProxy;
			containerPortal = EE295DB0278B520000658991 /* Project object */;
			proxyType = 1;
			remoteGlobalIDString = EE295DB7278B520000658991;
			remoteInfo = SampleConstraints;
		};
		EE295DDD278B520200658991 /* PBXContainerItemProxy */ = {
			isa = PBXContainerItemProxy;
			containerPortal = EE295DB0278B520000658991 /* Project object */;
			proxyType = 1;
			remoteGlobalIDString = EE295DB7278B520000658991;
			remoteInfo = SampleConstraints;
		};
/* End PBXContainerItemProxy section */

/* Begin PBXFileReference section */
		EE295DB8278B520000658991 /* SampleConstraints.app */ = {isa = PBXFileReference; explicitFileType = wrapper.application; includeInIndex = 0; path = SampleConstraints.app; sourceTree = BUILT_PRODUCTS_DIR; };
		EE295DBB278B520000658991 /* AppDelegate.swift */ = {isa = PBXFileReference; lastKnownFileType = sourcecode.swift; path = AppDelegate.swift; sourceTree = "<group>"; };
		EE295DBD278B520000658991 /* SceneDelegate.swift */ = {isa = PBXFileReference; lastKnownFileType = sourcecode.swift; path = SceneDelegate.swift; sourceTree = "<group>"; };
		EE295DBF278B520000658991 /* ViewController.swift */ = {isa = PBXFileReference; lastKnownFileType = sourcecode.swift; path = ViewController.swift; sourceTree = "<group>"; };
		EE295DC2278B520000658991 /* Base */ = {isa = PBXFileReference; lastKnownFileType = file.storyboard; name = Base; path = Base.lproj/Main.storyboard; sourceTree = "<group>"; };
		EE295DC5278B520000658991 /* SampleConstraints.xcdatamodel */ = {isa = PBXFileReference; lastKnownFileType = wrapper.xcdatamodel; path = SampleConstraints.xcdatamodel; sourceTree = "<group>"; };
		EE295DC7278B520100658991 /* Assets.xcassets */ = {isa = PBXFileReference; lastKnownFileType = folder.assetcatalog; path = Assets.xcassets; sourceTree = "<group>"; };
		EE295DCA278B520100658991 /* Base */ = {isa = PBXFileReference; lastKnownFileType = file.storyboard; name = Base; path = Base.lproj/LaunchScreen.storyboard; sourceTree = "<group>"; };
		EE295DCC278B520100658991 /* Info.plist */ = {isa = PBXFileReference; lastKnownFileType = text.plist.xml; path = Info.plist; sourceTree = "<group>"; };
		EE295DD1278B520100658991 /* SampleConstraintsTests.xctest */ = {isa = PBXFileReference; explicitFileType = wrapper.cfbundle; includeInIndex = 0; path = SampleConstraintsTests.xctest; sourceTree = BUILT_PRODUCTS_DIR; };
		EE295DD5278B520100658991 /* SampleConstraintsTests.swift */ = {isa = PBXFileReference; lastKnownFileType = sourcecode.swift; path = SampleConstraintsTests.swift; sourceTree = "<group>"; };
		EE295DD7278B520100658991 /* Info.plist */ = {isa = PBXFileReference; lastKnownFileType = text.plist.xml; path = Info.plist; sourceTree = "<group>"; };
		EE295DDC278B520200658991 /* SampleConstraintsUITests.xctest */ = {isa = PBXFileReference; explicitFileType = wrapper.cfbundle; includeInIndex = 0; path = SampleConstraintsUITests.xctest; sourceTree = BUILT_PRODUCTS_DIR; };
		EE295DE0278B520200658991 /* SampleConstraintsUITests.swift */ = {isa = PBXFileReference; lastKnownFileType = sourcecode.swift; path = SampleConstraintsUITests.swift; sourceTree = "<group>"; };
		EE295DE2278B520200658991 /* Info.plist */ = {isa = PBXFileReference; lastKnownFileType = text.plist.xml; path = Info.plist; sourceTree = "<group>"; };
/* End PBXFileReference section */

/* Begin PBXFrameworksBuildPhase section */
		EE295DB5278B520000658991 /* Frameworks */ = {
			isa = PBXFrameworksBuildPhase;
			buildActionMask = 2147483647;
			files = (
			);
			runOnlyForDeploymentPostprocessing = 0;
		};
		EE295DCE278B520100658991 /* Frameworks */ = {
			isa = PBXFrameworksBuildPhase;
			buildActionMask = 2147483647;
			files = (
			);
			runOnlyForDeploymentPostprocessing = 0;
		};
		EE295DD9278B520200658991 /* Frameworks */ = {
			isa = PBXFrameworksBuildPhase;
			buildActionMask = 2147483647;
			files = (
			);
			runOnlyForDeploymentPostprocessing = 0;
		};
/* End PBXFrameworksBuildPhase section */

/* Begin PBXGroup section */
		EE295DAF278B520000658991 = {
			isa = PBXGroup;
			children = (
				EE295DBA278B520000658991 /* SampleConstraints */,
				EE295DD4278B520100658991 /* SampleConstraintsTests */,
				EE295DDF278B520200658991 /* SampleConstraintsUITests */,
				EE295DB9278B520000658991 /* Products */,
			);
			sourceTree = "<group>";
		};
		EE295DB9278B520000658991 /* Products */ = {
			isa = PBXGroup;
			children = (
				EE295DB8278B520000658991 /* SampleConstraints.app */,
				EE295DD1278B520100658991 /* SampleConstraintsTests.xctest */,
				EE295DDC278B520200658991 /* SampleConstraintsUITests.xctest */,
			);
			name = Products;
			sourceTree = "<group>";
		};
		EE295DBA278B520000658991 /* SampleConstraints */ = {
			isa = PBXGroup;
			children = (
				EE295DBB278B520000658991 /* AppDelegate.swift */,
				EE295DBD278B520000658991 /* SceneDelegate.swift */,
				EE295DBF278B520000658991 /* ViewController.swift */,
				EE295DC1278B520000658991 /* Main.storyboard */,
				EE295DC7278B520100658991 /* Assets.xcassets */,
				EE295DC9278B520100658991 /* LaunchScreen.storyboard */,
				EE295DCC278B520100658991 /* Info.plist */,
				EE295DC4278B520000658991 /* SampleConstraints.xcdatamodeld */,
			);
			path = SampleConstraints;
			sourceTree = "<group>";
		};
		EE295DD4278B520100658991 /* SampleConstraintsTests */ = {
			isa = PBXGroup;
			children = (
				EE295DD5278B520100658991 /* SampleConstraintsTests.swift */,
				EE295DD7278B520100658991 /* Info.plist */,
			);
			path = SampleConstraintsTests;
			sourceTree = "<group>";
		};
		EE295DDF278B520200658991 /* SampleConstraintsUITests */ = {
			isa = PBXGroup;
			children = (
				EE295DE0278B520200658991 /* SampleConstraintsUITests.swift */,
				EE295DE2278B520200658991 /* Info.plist */,
			);
			path = SampleConstraintsUITests;
			sourceTree = "<group>";
		};
/* End PBXGroup section */

/* Begin PBXNativeTarget section */
		EE295DB7278B520000658991 /* SampleConstraints */ = {
			isa = PBXNativeTarget;
			buildConfigurationList = EE295DE5278B520200658991 /* Build configuration list for PBXNativeTarget "SampleConstraints" */;
			buildPhases = (
				EE295DB4278B520000658991 /* Sources */,
				EE295DB5278B520000658991 /* Frameworks */,
				EE295DB6278B520000658991 /* Resources */,
			);
			buildRules = (
			);
			dependencies = (
			);
			name = SampleConstraints;
			productName = SampleConstraints;
			productReference = EE295DB8278B520000658991 /* SampleConstraints.app */;
			productType = "com.apple.product-type.application";
		};
		EE295DD0278B520100658991 /* SampleConstraintsTests */ = {
			isa = PBXNativeTarget;
			buildConfigurationList = EE295DE8278B520200658991 /* Build configuration list for PBXNativeTarget "SampleConstraintsTests" */;
			buildPhases = (
				EE295DCD278B520100658991 /* Sources */,
				EE295DCE278B520100658991 /* Frameworks */,
				EE295DCF278B520100658991 /* Resources */,
			);
			buildRules = (
			);
			dependencies = (
				EE295DD3278B520100658991 /* PBXTargetDependency */,
			);
			name = SampleConstraintsTests;
			productName = SampleConstraintsTests;
			productReference = EE295DD1278B520100658991 /* SampleConstraintsTests.xctest */;
			productType = "com.apple.product-type.bundle.unit-test";
		};
		EE295DDB278B520200658991 /* SampleConstraintsUITests */ = {
			isa = PBXNativeTarget;
			buildConfigurationList = EE295DEB278B520200658991 /* Build configuration list for PBXNativeTarget "SampleConstraintsUITests" */;
			buildPhases = (
				EE295DD8278B520200658991 /* Sources */,
				EE295DD9278B520200658991 /* Frameworks */,
				EE295DDA278B520200658991 /* Resources */,
			);
			buildRules = (
			);
			dependencies = (
				EE295DDE278B520200658991 /* PBXTargetDependency */,
			);
			name = SampleConstraintsUITests;
			productName = SampleConstraintsUITests;
			productReference = EE295DDC278B520200658991 /* SampleConstraintsUITests.xctest */;
			productType = "com.apple.product-type.bundle.ui-testing";
		};
/* End PBXNativeTarget section */

/* Begin PBXProject section */
		EE295DB0278B520000658991 /* Project object */ = {
			isa = PBXProject;
			attributes = {
				LastSwiftUpdateCheck = 1250;
				LastUpgradeCheck = 1250;
				TargetAttributes = {
					EE295DB7278B520000658991 = {
						CreatedOnToolsVersion = 12.5;
					};
					EE295DD0278B520100658991 = {
						CreatedOnToolsVersion = 12.5;
						TestTargetID = EE295DB7278B520000658991;
					};
					EE295DDB278B520200658991 = {
						CreatedOnToolsVersion = 12.5;
						TestTargetID = EE295DB7278B520000658991;
					};
				};
			};
			buildConfigurationList = EE295DB3278B520000658991 /* Build configuration list for PBXProject "SampleConstraints" */;
			compatibilityVersion = "Xcode 9.3";
			developmentRegion = en;
			hasScannedForEncodings = 0;
			knownRegions = (
				en,
				Base,
			);
			mainGroup = EE295DAF278B520000658991;
			productRefGroup = EE295DB9278B520000658991 /* Products */;
			projectDirPath = "";
			projectRoot = "";
			targets = (
				EE295DB7278B520000658991 /* SampleConstraints */,
				EE295DD0278B520100658991 /* SampleConstraintsTests */,
				EE295DDB278B520200658991 /* SampleConstraintsUITests */,
			);
		};
/* End PBXProject section */

/* Begin PBXResourcesBuildPhase section */
		EE295DB6278B520000658991 /* Resources */ = {
			isa = PBXResourcesBuildPhase;
			buildActionMask = 2147483647;
			files = (
				EE295DCB278B520100658991 /* LaunchScreen.storyboard in Resources */,
				EE295DC8278B520100658991 /* Assets.xcassets in Resources */,
				EE295DC3278B520000658991 /* Main.storyboard in Resources */,
			);
			runOnlyForDeploymentPostprocessing = 0;
		};
		EE295DCF278B520100658991 /* Resources */ = {
			isa = PBXResourcesBuildPhase;
			buildActionMask = 2147483647;
			files = (
			);
			runOnlyForDeploymentPostprocessing = 0;
		};
		EE295DDA278B520200658991 /* Resources */ = {
			isa = PBXResourcesBuildPhase;
			buildActionMask = 2147483647;
			files = (
			);
			runOnlyForDeploymentPostprocessing = 0;
		};
/* End PBXResourcesBuildPhase section */

/* Begin PBXSourcesBuildPhase section */
		EE295DB4278B520000658991 /* Sources */ = {
			isa = PBXSourcesBuildPhase;
			buildActionMask = 2147483647;
			files = (
				EE295DC6278B520000658991 /* SampleConstraints.xcdatamodeld in Sources */,
				EE295DC0278B520000658991 /* ViewController.swift in Sources */,
				EE295DBC278B520000658991 /* AppDelegate.swift in Sources */,
				EE295DBE278B520000658991 /* SceneDelegate.swift in Sources */,
			);
			runOnlyForDeploymentPostprocessing = 0;
		};
		EE295DCD278B520100658991 /* Sources */ = {
			isa = PBXSourcesBuildPhase;
			buildActionMask = 2147483647;
			files = (
				EE295DD6278B520100658991 /* SampleConstraintsTests.swift in Sources */,
			);
			runOnlyForDeploymentPostprocessing = 0;
		};
		EE295DD8278B520200658991 /* Sources */ = {
			isa = PBXSourcesBuildPhase;
			buildActionMask = 2147483647;
			files = (
				EE295DE1278B520200658991 /* SampleConstraintsUITests.swift in Sources */,
			);
			runOnlyForDeploymentPostprocessing = 0;
		};
/* End PBXSourcesBuildPhase section */

/* Begin PBXTargetDependency section */
		EE295DD3278B520100658991 /* PBXTargetDependency */ = {
			isa = PBXTargetDependency;
			target = EE295DB7278B520000658991 /* SampleConstraints */;
			targetProxy = EE295DD2278B520100658991 /* PBXContainerItemProxy */;
		};
		EE295DDE278B520200658991 /* PBXTargetDependency */ = {
			isa = PBXTargetDependency;
			target = EE295DB7278B520000658991 /* SampleConstraints */;
			targetProxy = EE295DDD278B520200658991 /* PBXContainerItemProxy */;
		};
/* End PBXTargetDependency section */

/* Begin PBXVariantGroup section */
		EE295DC1278B520000658991 /* Main.storyboard */ = {
			isa = PBXVariantGroup;
			children = (
				EE295DC2278B520000658991 /* Base */,
			);
			name = Main.storyboard;
			sourceTree = "<group>";
		};
		EE295DC9278B520100658991 /* LaunchScreen.storyboard */ = {
			isa = PBXVariantGroup;
			children = (
				EE295DCA278B520100658991 /* Base */,
			);
			name = LaunchScreen.storyboard;
			sourceTree = "<group>";
		};
/* End PBXVariantGroup section */

/* Begin XCBuildConfiguration section */
		EE295DE3278B520200658991 /* Debug */ = {
			isa = XCBuildConfiguration;
			buildSettings = {
				ALWAYS_SEARCH_USER_PATHS = NO;
				CLANG_ANALYZER_NONNULL = YES;
				CLANG_ANALYZER_NUMBER_OBJECT_CONVERSION = YES_AGGRESSIVE;
				CLANG_CXX_LANGUAGE_STANDARD = "gnu++14";
				CLANG_CXX_LIBRARY = "libc++";
				CLANG_ENABLE_MODULES = YES;
				CLANG_ENABLE_OBJC_ARC = YES;
				CLANG_ENABLE_OBJC_WEAK = YES;
				CLANG_WARN_BLOCK_CAPTURE_AUTORELEASING = YES;
				CLANG_WARN_BOOL_CONVERSION = YES;
				CLANG_WARN_COMMA = YES;
				CLANG_WARN_CONSTANT_CONVERSION = YES;
				CLANG_WARN_DEPRECATED_OBJC_IMPLEMENTATIONS = YES;
				CLANG_WARN_DIRECT_OBJC_ISA_USAGE = YES_ERROR;
				CLANG_WARN_DOCUMENTATION_COMMENTS = YES;
				CLANG_WARN_EMPTY_BODY = YES;
				CLANG_WARN_ENUM_CONVERSION = YES;
				CLANG_WARN_INFINITE_RECURSION = YES;
				CLANG_WARN_INT_CONVERSION = YES;
				CLANG_WARN_NON_LITERAL_NULL_CONVERSION = YES;
				CLANG_WARN_OBJC_IMPLICIT_RETAIN_SELF = YES;
				CLANG_WARN_OBJC_LITERAL_CONVERSION = YES;
				CLANG_WARN_OBJC_ROOT_CLASS = YES_ERROR;
				CLANG_WARN_QUOTED_INCLUDE_IN_FRAMEWORK_HEADER = YES;
				CLANG_WARN_RANGE_LOOP_ANALYSIS = YES;
				CLANG_WARN_STRICT_PROTOTYPES = YES;
				CLANG_WARN_SUSPICIOUS_MOVE = YES;
				CLANG_WARN_UNGUARDED_AVAILABILITY = YES_AGGRESSIVE;
				CLANG_WARN_UNREACHABLE_CODE = YES;
				CLANG_WARN__DUPLICATE_METHOD_MATCH = YES;
				COPY_PHASE_STRIP = NO;
				DEBUG_INFORMATION_FORMAT = dwarf;
				ENABLE_STRICT_OBJC_MSGSEND = YES;
				ENABLE_TESTABILITY = YES;
				GCC_C_LANGUAGE_STANDARD = gnu11;
				GCC_DYNAMIC_NO_PIC = NO;
				GCC_NO_COMMON_BLOCKS = YES;
				GCC_OPTIMIZATION_LEVEL = 0;
				GCC_PREPROCESSOR_DEFINITIONS = (
					"DEBUG=1",
					"$(inherited)",
				);
				GCC_WARN_64_TO_32_BIT_CONVERSION = YES;
				GCC_WARN_ABOUT_RETURN_TYPE = YES_ERROR;
				GCC_WARN_UNDECLARED_SELECTOR = YES;
				GCC_WARN_UNINITIALIZED_AUTOS = YES_AGGRESSIVE;
				GCC_WARN_UNUSED_FUNCTION = YES;
				GCC_WARN_UNUSED_VARIABLE = YES;
				IPHONEOS_DEPLOYMENT_TARGET = 14.5;
				MTL_ENABLE_DEBUG_INFO = INCLUDE_SOURCE;
				MTL_FAST_MATH = YES;
				ONLY_ACTIVE_ARCH = YES;
				SDKROOT = iphoneos;
				SWIFT_ACTIVE_COMPILATION_CONDITIONS = DEBUG;
				SWIFT_OPTIMIZATION_LEVEL = "-Onone";
			};
			name = Debug;
		};
		EE295DE4278B520200658991 /* Release */ = {
			isa = XCBuildConfiguration;
			buildSettings = {
				ALWAYS_SEARCH_USER_PATHS = NO;
				CLANG_ANALYZER_NONNULL = YES;
				CLANG_ANALYZER_NUMBER_OBJECT_CONVERSION = YES_AGGRESSIVE;
				CLANG_CXX_LANGUAGE_STANDARD = "gnu++14";
				CLANG_CXX_LIBRARY = "libc++";
				CLANG_ENABLE_MODULES = YES;
				CLANG_ENABLE_OBJC_ARC = YES;
				CLANG_ENABLE_OBJC_WEAK = YES;
				CLANG_WARN_BLOCK_CAPTURE_AUTORELEASING = YES;
				CLANG_WARN_BOOL_CONVERSION = YES;
				CLANG_WARN_COMMA = YES;
				CLANG_WARN_CONSTANT_CONVERSION = YES;
				CLANG_WARN_DEPRECATED_OBJC_IMPLEMENTATIONS = YES;
				CLANG_WARN_DIRECT_OBJC_ISA_USAGE = YES_ERROR;
				CLANG_WARN_DOCUMENTATION_COMMENTS = YES;
				CLANG_WARN_EMPTY_BODY = YES;
				CLANG_WARN_ENUM_CONVERSION = YES;
				CLANG_WARN_INFINITE_RECURSION = YES;
				CLANG_WARN_INT_CONVERSION = YES;
				CLANG_WARN_NON_LITERAL_NULL_CONVERSION = YES;
				CLANG_WARN_OBJC_IMPLICIT_RETAIN_SELF = YES;
				CLANG_WARN_OBJC_LITERAL_CONVERSION = YES;
				CLANG_WARN_OBJC_ROOT_CLASS = YES_ERROR;
				CLANG_WARN_QUOTED_INCLUDE_IN_FRAMEWORK_HEADER = YES;
				CLANG_WARN_RANGE_LOOP_ANALYSIS = YES;
				CLANG_WARN_STRICT_PROTOTYPES = YES;
				CLANG_WARN_SUSPICIOUS_MOVE = YES;
				CLANG_WARN_UNGUARDED_AVAILABILITY = YES_AGGRESSIVE;
				CLANG_WARN_UNREACHABLE_CODE = YES;
				CLANG_WARN__DUPLICATE_METHOD_MATCH = YES;
				COPY_PHASE_STRIP = NO;
				DEBUG_INFORMATION_FORMAT = "dwarf-with-dsym";
				ENABLE_NS_ASSERTIONS = NO;
				ENABLE_STRICT_OBJC_MSGSEND = YES;
				GCC_C_LANGUAGE_STANDARD = gnu11;
				GCC_NO_COMMON_BLOCKS = YES;
				GCC_WARN_64_TO_32_BIT_CONVERSION = YES;
				GCC_WARN_ABOUT_RETURN_TYPE = YES_ERROR;
				GCC_WARN_UNDECLARED_SELECTOR = YES;
				GCC_WARN_UNINITIALIZED_AUTOS = YES_AGGRESSIVE;
				GCC_WARN_UNUSED_FUNCTION = YES;
				GCC_WARN_UNUSED_VARIABLE = YES;
				IPHONEOS_DEPLOYMENT_TARGET = 14.5;
				MTL_ENABLE_DEBUG_INFO = NO;
				MTL_FAST_MATH = YES;
				SDKROOT = iphoneos;
				SWIFT_COMPILATION_MODE = wholemodule;
				SWIFT_OPTIMIZATION_LEVEL = "-O";
				VALIDATE_PRODUCT = YES;
			};
			name = Release;
		};
		EE295DE6278B520200658991 /* Debug */ = {
			isa = XCBuildConfiguration;
			buildSettings = {
				ASSETCATALOG_COMPILER_APPICON_NAME = AppIcon;
				ASSETCATALOG_COMPILER_GLOBAL_ACCENT_COLOR_NAME = AccentColor;
				CODE_SIGN_STYLE = Automatic;
				INFOPLIST_FILE = SampleConstraints/Info.plist;
				LD_RUNPATH_SEARCH_PATHS = (
					"$(inherited)",
					"@executable_path/Frameworks",
				);
				PRODUCT_BUNDLE_IDENTIFIER = com.prakash.SampleConstraints;
				PRODUCT_NAME = "$(TARGET_NAME)";
				SWIFT_VERSION = 5.0;
				TARGETED_DEVICE_FAMILY = "1,2";
			};
			name = Debug;
		};
		EE295DE7278B520200658991 /* Release */ = {
			isa = XCBuildConfiguration;
			buildSettings = {
				ASSETCATALOG_COMPILER_APPICON_NAME = AppIcon;
				ASSETCATALOG_COMPILER_GLOBAL_ACCENT_COLOR_NAME = AccentColor;
				CODE_SIGN_STYLE = Automatic;
				INFOPLIST_FILE = SampleConstraints/Info.plist;
				LD_RUNPATH_SEARCH_PATHS = (
					"$(inherited)",
					"@executable_path/Frameworks",
				);
				PRODUCT_BUNDLE_IDENTIFIER = com.prakash.SampleConstraints;
				PRODUCT_NAME = "$(TARGET_NAME)";
				SWIFT_VERSION = 5.0;
				TARGETED_DEVICE_FAMILY = "1,2";
			};
			name = Release;
		};
		EE295DE9278B520200658991 /* Debug */ = {
			isa = XCBuildConfiguration;
			buildSettings = {
				ALWAYS_EMBED_SWIFT_STANDARD_LIBRARIES = YES;
				BUNDLE_LOADER = "$(TEST_HOST)";
				CODE_SIGN_STYLE = Automatic;
				INFOPLIST_FILE = SampleConstraintsTests/Info.plist;
				IPHONEOS_DEPLOYMENT_TARGET = 14.5;
				LD_RUNPATH_SEARCH_PATHS = (
					"$(inherited)",
					"@executable_path/Frameworks",
					"@loader_path/Frameworks",
				);
				PRODUCT_BUNDLE_IDENTIFIER = com.prakash.SampleConstraintsTests;
				PRODUCT_NAME = "$(TARGET_NAME)";
				SWIFT_VERSION = 5.0;
				TARGETED_DEVICE_FAMILY = "1,2";
				TEST_HOST = "$(BUILT_PRODUCTS_DIR)/SampleConstraints.app/SampleConstraints";
			};
			name = Debug;
		};
		EE295DEA278B520200658991 /* Release */ = {
			isa = XCBuildConfiguration;
			buildSettings = {
				ALWAYS_EMBED_SWIFT_STANDARD_LIBRARIES = YES;
				BUNDLE_LOADER = "$(TEST_HOST)";
				CODE_SIGN_STYLE = Automatic;
				INFOPLIST_FILE = SampleConstraintsTests/Info.plist;
				IPHONEOS_DEPLOYMENT_TARGET = 14.5;
				LD_RUNPATH_SEARCH_PATHS = (
					"$(inherited)",
					"@executable_path/Frameworks",
					"@loader_path/Frameworks",
				);
				PRODUCT_BUNDLE_IDENTIFIER = com.prakash.SampleConstraintsTests;
				PRODUCT_NAME = "$(TARGET_NAME)";
				SWIFT_VERSION = 5.0;
				TARGETED_DEVICE_FAMILY = "1,2";
				TEST_HOST = "$(BUILT_PRODUCTS_DIR)/SampleConstraints.app/SampleConstraints";
			};
			name = Release;
		};
		EE295DEC278B520200658991 /* Debug */ = {
			isa = XCBuildConfiguration;
			buildSettings = {
				ALWAYS_EMBED_SWIFT_STANDARD_LIBRARIES = YES;
				CODE_SIGN_STYLE = Automatic;
				INFOPLIST_FILE = SampleConstraintsUITests/Info.plist;
				LD_RUNPATH_SEARCH_PATHS = (
					"$(inherited)",
					"@executable_path/Frameworks",
					"@loader_path/Frameworks",
				);
				PRODUCT_BUNDLE_IDENTIFIER = com.prakash.SampleConstraintsUITests;
				PRODUCT_NAME = "$(TARGET_NAME)";
				SWIFT_VERSION = 5.0;
				TARGETED_DEVICE_FAMILY = "1,2";
				TEST_TARGET_NAME = SampleConstraints;
			};
			name = Debug;
		};
		EE295DED278B520200658991 /* Release */ = {
			isa = XCBuildConfiguration;
			buildSettings = {
				ALWAYS_EMBED_SWIFT_STANDARD_LIBRARIES = YES;
				CODE_SIGN_STYLE = Automatic;
				INFOPLIST_FILE = SampleConstraintsUITests/Info.plist;
				LD_RUNPATH_SEARCH_PATHS = (
					"$(inherited)",
					"@executable_path/Frameworks",
					"@loader_path/Frameworks",
				);
				PRODUCT_BUNDLE_IDENTIFIER = com.prakash.SampleConstraintsUITests;
				PRODUCT_NAME = "$(TARGET_NAME)";
				SWIFT_VERSION = 5.0;
				TARGETED_DEVICE_FAMILY = "1,2";
				TEST_TARGET_NAME = SampleConstraints;
			};
			name = Release;
		};
/* End XCBuildConfiguration section */

/* Begin XCConfigurationList section */
		EE295DB3278B520000658991 /* Build configuration list for PBXProject "SampleConstraints" */ = {
			isa = XCConfigurationList;
			buildConfigurations = (
				EE295DE3278B520200658991 /* Debug */,
				EE295DE4278B520200658991 /* Release */,
			);
			defaultConfigurationIsVisible = 0;
			defaultConfigurationName = Release;
		};
		EE295DE5278B520200658991 /* Build configuration list for PBXNativeTarget "SampleConstraints" */ = {
			isa = XCConfigurationList;
			buildConfigurations = (
				EE295DE6278B520200658991 /* Debug */,
				EE295DE7278B520200658991 /* Release */,
			);
			defaultConfigurationIsVisible = 0;
			defaultConfigurationName = Release;
		};
		EE295DE8278B520200658991 /* Build configuration list for PBXNativeTarget "SampleConstraintsTests" */ = {
			isa = XCConfigurationList;
			buildConfigurations = (
				EE295DE9278B520200658991 /* Debug */,
				EE295DEA278B520200658991 /* Release */,
			);
			defaultConfigurationIsVisible = 0;
			defaultConfigurationName = Release;
		};
		EE295DEB278B520200658991 /* Build configuration list for PBXNativeTarget "SampleConstraintsUITests" */ = {
			isa = XCConfigurationList;
			buildConfigurations = (
				EE295DEC278B520200658991 /* Debug */,
				EE295DED278B520200658991 /* Release */,
			);
			defaultConfigurationIsVisible = 0;
			defaultConfigurationName = Release;
		};
/* End XCConfigurationList section */

/* Begin XCVersionGroup section */
		EE295DC4278B520000658991 /* SampleConstraints.xcdatamodeld */ = {
			isa = XCVersionGroup;
			children = (
				EE295DC5278B520000658991 /* SampleConstraints.xcdatamodel */,
			);
			currentVersion = EE295DC5278B520000658991 /* SampleConstraints.xcdatamodel */;
			path = SampleConstraints.xcdatamodeld;
			sourceTree = "<group>";
			versionGroupType = wrapper.xcdatamodel;
		};
/* End XCVersionGroup section */
	};
	rootObject = EE295DB0278B520000658991 /* Project object */;
}
